{
  "version": 4,
  "terraform_version": "0.12.20",
  "serial": 79,
  "lineage": "494b0157-71a6-d5fa-0a05-a0a146e5acfe",
  "outputs": {
    "cloud_run_status": {
      "value": [
        {
          "conditions": [
            {
              "message": "",
              "reason": "",
              "status": "True",
              "type": "Ready"
            },
            {
              "message": "",
              "reason": "",
              "status": "True",
              "type": "ConfigurationsReady"
            },
            {
              "message": "",
              "reason": "",
              "status": "True",
              "type": "RoutesReady"
            }
          ],
          "latest_created_revision_name": "current-6g8lr",
          "latest_ready_revision_name": "current-6g8lr",
          "observed_generation": 12,
          "url": "https://current-u6upn3rllq-uk.a.run.app"
        }
      ],
      "type": [
        "list",
        [
          "object",
          {
            "conditions": [
              "list",
              [
                "object",
                {
                  "message": "string",
                  "reason": "string",
                  "status": "string",
                  "type": "string"
                }
              ]
            ],
            "latest_created_revision_name": "string",
            "latest_ready_revision_name": "string",
            "observed_generation": "number",
            "url": "string"
          }
        ]
      ]
    }
  },
  "resources": [
    {
      "mode": "data",
      "type": "google_iam_policy",
      "name": "iam_policy",
      "provider": "provider.google",
      "instances": [
        {
          "schema_version": 0,
          "attributes": {
            "audit_config": null,
            "binding": [
              {
                "members": [
                  "allUsers"
                ],
                "role": "roles/run.invoker"
              }
            ],
            "id": "3450855414",
            "policy_data": "{\"bindings\":[{\"members\":[\"allUsers\"],\"role\":\"roles/run.invoker\"}]}"
          }
        }
      ]
    },
    {
      "mode": "data",
      "type": "google_project",
      "name": "project",
      "provider": "provider.google",
      "instances": [
        {
          "schema_version": 0,
          "attributes": {
            "auto_create_network": null,
            "billing_account": "0171BF-D6DA62-6AC407",
            "folder_id": "",
            "id": "projects/oregonstate-dev-261504",
            "labels": {},
            "name": "oregonstate-dev",
            "number": "325575134985",
            "org_id": "717626756570",
            "project_id": "oregonstate-dev-261504",
            "skip_delete": null
          }
        }
      ]
    },
    {
      "mode": "managed",
      "type": "google_cloud_run_service",
      "name": "current",
      "provider": "provider.google",
      "instances": [
        {
          "schema_version": 1,
          "attributes": {
            "autogenerate_revision_name": false,
            "id": "locations/us-east4/namespaces/oregonstate-dev-261504/services/current",
            "location": "us-east4",
            "metadata": [
              {
                "annotations": {
                  "serving.knative.dev/creator": "ragaba@oregonstate.edu",
                  "serving.knative.dev/lastModifier": "ragaba@oregonstate.edu"
                },
                "generation": 12,
                "labels": {
                  "cloud.googleapis.com/location": "us-east4",
                  "digest": "c4f772e63f1e9de84e1a790bc81c6f99823e9fdc9fbb76b8ed066b8dedeb24b"
                },
                "namespace": "oregonstate-dev-261504",
                "resource_version": "AAWoGXcDd7A",
                "self_link": "/apis/serving.knative.dev/v1/namespaces/325575134985/services/current",
                "uid": "c9ef9d1d-0a5a-407c-bf0f-dc2d40e708b5"
              }
            ],
            "name": "current",
            "project": "oregonstate-dev-261504",
            "status": [
              {
                "conditions": [
                  {
                    "message": "",
                    "reason": "",
                    "status": "True",
                    "type": "Ready"
                  },
                  {
                    "message": "",
                    "reason": "",
                    "status": "True",
                    "type": "ConfigurationsReady"
                  },
                  {
                    "message": "",
                    "reason": "",
                    "status": "True",
                    "type": "RoutesReady"
                  }
                ],
                "latest_created_revision_name": "current-6g8lr",
                "latest_ready_revision_name": "current-6g8lr",
                "observed_generation": 12,
                "url": "https://current-u6upn3rllq-uk.a.run.app"
              }
            ],
            "template": [
              {
                "metadata": [
                  {
                    "annotations": {
                      "autoscaling.knative.dev/maxScale": "10",
                      "run.googleapis.com/client-name": "terraform",
                      "run.googleapis.com/cloudsql-instances": "oregonstate-dev-261504:us-east4:current-primary"
                    },
                    "generation": 0,
                    "labels": {},
                    "name": "",
                    "namespace": "",
                    "resource_version": "",
                    "self_link": "",
                    "uid": ""
                  }
                ],
                "spec": [
                  {
                    "container_concurrency": 80,
                    "containers": [
                      {
                        "args": [],
                        "command": [],
                        "env": [
                          {
                            "name": "DB_INSTANCE",
                            "value": "/cloudsql/oregonstate-dev-261504:us-east4:current-primary"
                          },
                          {
                            "name": "DB_NAME",
                            "value": "current"
                          },
                          {
                            "name": "DB_USER",
                            "value": "current"
                          },
                          {
                            "name": "DB_PASSWORD",
                            "value": "curr3nt"
                          },
                          {
                            "name": "MAPS_API_KEY",
                            "value": "AIzaSyCtrYhzMl9mACZRMQ7vEALOyfCp6Ew-Vzc"
                          }
                        ],
                        "env_from": [],
                        "image": "gcr.io/oregonstate-dev-261504/asragab/current@sha256:d998f94ff01b0539d8153f7242c825894b6183e9f6e5012674a3a5c326b7fe16",
                        "resources": [
                          {
                            "limits": {
                              "cpu": "1000m",
                              "memory": "500Mi"
                            },
                            "requests": {}
                          }
                        ],
                        "working_dir": ""
                      }
                    ],
                    "service_account_name": "",
                    "serving_state": ""
                  }
                ]
              }
            ],
            "timeouts": null,
            "traffic": [
              {
                "latest_revision": true,
                "percent": 100,
                "revision_name": ""
              }
            ]
          },
          "private": "eyJlMmJmYjczMC1lY2FhLTExZTYtOGY4OC0zNDM2M2JjN2M0YzAiOnsiY3JlYXRlIjozNjAwMDAwMDAwMDAsImRlbGV0ZSI6MjQwMDAwMDAwMDAwLCJ1cGRhdGUiOjkwMDAwMDAwMDAwMH0sInNjaGVtYV92ZXJzaW9uIjoiMSJ9",
          "dependencies": [
            "google_sql_database.database",
            "google_sql_database_instance.primary",
            "google_sql_user.users"
          ]
        }
      ]
    },
    {
      "mode": "managed",
      "type": "google_cloud_run_service_iam_policy",
      "name": "cloud_run_service_policy",
      "provider": "provider.google",
      "instances": [
        {
          "schema_version": 0,
          "attributes": {
            "etag": "BwWn8GybP4I=",
            "id": "v1/projects/oregonstate-dev-261504/locations/us-east4/services/current",
            "location": "us-east4",
            "policy_data": "{\"bindings\":[{\"members\":[\"allUsers\"],\"role\":\"roles/run.invoker\"}]}",
            "project": "oregonstate-dev-261504",
            "service": "v1/projects/oregonstate-dev-261504/locations/us-east4/services/current"
          },
          "private": "bnVsbA==",
          "dependencies": [
            "google_cloud_run_service.current",
            "google_sql_database_instance.primary",
            "google_sql_user.users"
          ]
        }
      ]
    },
    {
      "mode": "managed",
      "type": "google_project_iam_member",
      "name": "cloud_sql_membership",
      "provider": "provider.google",
      "instances": [
        {
          "schema_version": 0,
          "attributes": {
            "etag": "BwWn8CX3uaI=",
            "id": "oregonstate-dev-261504/roles/cloudsql.client/serviceaccount:325575134985-compute@developer.gserviceaccount.com",
            "member": "serviceAccount:325575134985-compute@developer.gserviceaccount.com",
            "project": "oregonstate-dev-261504",
            "role": "roles/cloudsql.client"
          },
          "private": "bnVsbA=="
        }
      ]
    },
    {
      "mode": "managed",
      "type": "google_sql_database",
      "name": "database",
      "provider": "provider.google",
      "instances": [
        {
          "schema_version": 0,
          "attributes": {
            "charset": "UTF8",
            "collation": "en_US.UTF8",
            "id": "projects/oregonstate-dev-261504/instances/current-primary/databases/current",
            "instance": "current-primary",
            "name": "current",
            "project": "oregonstate-dev-261504",
            "self_link": "https://sqladmin.googleapis.com/sql/v1beta4/projects/oregonstate-dev-261504/instances/current-primary/databases/current",
            "timeouts": null
          },
          "private": "eyJlMmJmYjczMC1lY2FhLTExZTYtOGY4OC0zNDM2M2JjN2M0YzAiOnsiY3JlYXRlIjo5MDAwMDAwMDAwMDAsImRlbGV0ZSI6NjAwMDAwMDAwMDAwLCJ1cGRhdGUiOjYwMDAwMDAwMDAwMH19",
          "dependencies": [
            "google_sql_database_instance.primary"
          ]
        }
      ]
    },
    {
      "mode": "managed",
      "type": "google_sql_database_instance",
      "name": "primary",
      "provider": "provider.google",
      "instances": [
        {
          "schema_version": 0,
          "attributes": {
            "connection_name": "oregonstate-dev-261504:us-east4:current-primary",
            "database_version": "POSTGRES_11",
            "first_ip_address": "34.86.251.164",
            "id": "current-primary",
            "ip_address": [
              {
                "ip_address": "34.86.251.164",
                "time_to_retire": "",
                "type": "PRIMARY"
              }
            ],
            "master_instance_name": "",
            "name": "current-primary",
            "private_ip_address": "",
            "project": "oregonstate-dev-261504",
            "public_ip_address": "34.86.251.164",
            "region": "us-east4",
            "replica_configuration": [],
            "self_link": "https://sqladmin.googleapis.com/sql/v1beta4/projects/oregonstate-dev-261504/instances/current-primary",
            "server_ca_cert": [
              {
                "cert": "-----BEGIN CERTIFICATE-----\nMIIDfzCCAmegAwIBAgIBADANBgkqhkiG9w0BAQsFADB3MS0wKwYDVQQuEyRkNzAy\nYjg3ZS05YzQ2LTRjMzItOWVhZi0wZmI2ZGEwMmI3NDMxIzAhBgNVBAMTGkdvb2ds\nZSBDbG91ZCBTUUwgU2VydmVyIENBMRQwEgYDVQQKEwtHb29nbGUsIEluYzELMAkG\nA1UEBhMCVVMwHhcNMjAwNjEzMDUyMTE1WhcNMzAwNjExMDUyMjE1WjB3MS0wKwYD\nVQQuEyRkNzAyYjg3ZS05YzQ2LTRjMzItOWVhZi0wZmI2ZGEwMmI3NDMxIzAhBgNV\nBAMTGkdvb2dsZSBDbG91ZCBTUUwgU2VydmVyIENBMRQwEgYDVQQKEwtHb29nbGUs\nIEluYzELMAkGA1UEBhMCVVMwggEiMA0GCSqGSIb3DQEBAQUAA4IBDwAwggEKAoIB\nAQCRGViOA4hGwE+A4ieyaYak+S1xk332N6e2W2ObP2+ZUJTEhlkuYlEUsqbQeLIF\nONCj248IBUzEAB80Zfs1jwBh+WxVCaZSgaogIfnjTXUYb+gX/ynKBly/hQEkU5Iq\nxKWJr0lZ5h/4qz9oWQpZTJmCwSZTI4DhPEPa3u9hMkxRMj4Paj4ghLyEaHruBFlF\nHTCWtbFn/XANSm+ZeoN9tjbc2f+238ejimeAwlw1+lvV6nhKjQI5rgMjXGwwPr/A\naJCaOIBRXMYnbulqMtVn51Dcdgsu2YKn9By5ZvnD2j3xA7bTM2ttx3/ruJ2c87CB\nGQkexThlq+5rKwg7ASZPvd5dAgMBAAGjFjAUMBIGA1UdEwEB/wQIMAYBAf8CAQAw\nDQYJKoZIhvcNAQELBQADggEBABSmxqEk+P4wkv+XuRTxeWLhlojvx3fmx0+C9ESX\nxfLjl8ZJb5rIUhuooZg/SVCvs05TIv7qI46kQj1tmWGowUlVIyQZMExL+ni8Zvu3\nDae8nC4BDiXlm6UfNFI6E7aXPE9qqzOSPsb2MqJbcMMfWLMZbO2/x4HnetNyAzQr\nIO4NhUHGl68gxt2200ECvGvasFZQWwlyzc6J2kpOtvDz0m4JECzVnKIOCmlo8MZw\ng1j+v2eZnTBcRB3y7z7JRVDQCY0yTot1YlkPv4W89+tpNC2MVGKx3BiMw3udRglj\nyurxpR2LpuXWwaZNPPYNjTry8s2s7QPXzK7vAw1QnwcmiFw=\n-----END CERTIFICATE-----",
                "common_name": "C=US,O=Google\\, Inc,CN=Google Cloud SQL Server CA,dnQualifier=d702b87e-9c46-4c32-9eaf-0fb6da02b743",
                "create_time": "2020-06-13T05:21:15.179Z",
                "expiration_time": "2030-06-11T05:22:15.179Z",
                "sha1_fingerprint": "1035ece5199ca7f7f34ab851f073e42f6a81eb4d"
              }
            ],
            "service_account_email_address": "p325575134985-e64394@gcp-sa-cloud-sql.iam.gserviceaccount.com",
            "settings": [
              {
                "activation_policy": "ALWAYS",
                "authorized_gae_applications": [],
                "availability_type": "",
                "backup_configuration": [
                  {
                    "binary_log_enabled": false,
                    "enabled": false,
                    "location": "",
                    "start_time": "12:00"
                  }
                ],
                "crash_safe_replication": false,
                "database_flags": [],
                "disk_autoresize": true,
                "disk_size": 10,
                "disk_type": "PD_SSD",
                "ip_configuration": [
                  {
                    "authorized_networks": [],
                    "ipv4_enabled": true,
                    "private_network": "",
                    "require_ssl": false
                  }
                ],
                "location_preference": [
                  {
                    "follow_gae_application": "",
                    "zone": "us-east4-b"
                  }
                ],
                "maintenance_window": [],
                "pricing_plan": "PER_USE",
                "replication_type": "SYNCHRONOUS",
                "tier": "db-g1-small",
                "user_labels": {},
                "version": 1
              }
            ],
            "timeouts": null
          },
          "private": "eyJlMmJmYjczMC1lY2FhLTExZTYtOGY4OC0zNDM2M2JjN2M0YzAiOnsiY3JlYXRlIjoxMjAwMDAwMDAwMDAwLCJkZWxldGUiOjEyMDAwMDAwMDAwMDAsInVwZGF0ZSI6MTIwMDAwMDAwMDAwMH19"
        }
      ]
    },
    {
      "mode": "managed",
      "type": "google_sql_user",
      "name": "users",
      "provider": "provider.google",
      "instances": [
        {
          "schema_version": 1,
          "attributes": {
            "host": "",
            "id": "current//current-primary",
            "instance": "current-primary",
            "name": "current",
            "password": "curr3nt",
            "project": "oregonstate-dev-261504",
            "timeouts": null
          },
          "private": "eyJlMmJmYjczMC1lY2FhLTExZTYtOGY4OC0zNDM2M2JjN2M0YzAiOnsiY3JlYXRlIjo2MDAwMDAwMDAwMDAsImRlbGV0ZSI6NjAwMDAwMDAwMDAwLCJ1cGRhdGUiOjYwMDAwMDAwMDAwMH0sInNjaGVtYV92ZXJzaW9uIjoiMSJ9",
          "dependencies": [
            "google_sql_database_instance.primary"
          ]
        }
      ]
    }
  ]
}
